# THIS IS AN AUTOGENERATED FILE. DO NOT EDIT THIS FILE DIRECTLY.
# yarn lockfile v1


"@types/google-apps-script@^1.0.79":
  version "1.0.79"
  resolved "https://registry.yarnpkg.com/@types/google-apps-script/-/google-apps-script-1.0.79.tgz#4e510504659fc774aa2d8f6800605e9001cef9d5"
  integrity sha512-yXxlfBbIecRZnC2ZkoMdfsqtn5hszR5BnnC/yPFEDGtrW5c1KyUTHctoHKmvOUV6wlZlSlornzL83B/bBWlO6A==
